{
  "name": "uptime-monitor",
  "version": "0.0.1-placeholder",
  "lockfileVersion": 3,
  "requires": true,
  "packages": {
    "": {
      "name": "uptime-monitor",
      "version": "0.0.1-placeholder",
      "dependencies": {
        "node-cron": "^4.2.1"
      },
      "engines": {
        "node": ">=20"
      }
    },
    "node_modules/node-cron": {
      "version": "4.2.1",
      "resolved": "https://registry.npmjs.org/node-cron/-/node-cron-4.2.1.tgz",
      "integrity": "sha512-lgimEHPE/QDgFlywTd8yTR61ptugX3Qer29efeyWw2rv259HtGBNn1vZVmp8lB9uo9wC0t/AT4iGqXxia+CJFg==",
      "license": "ISC",
      "engines": {
        "node": ">=6.0.0"
      }
    }
  }
}
